# THIS IS AN AUTOGENERATED FILE. DO NOT EDIT THIS FILE DIRECTLY.
# yarn lockfile v1


basic-ftp@^3.4.4:
  version "3.4.4"
  resolved "https://registry.yarnpkg.com/basic-ftp/-/basic-ftp-3.4.4.tgz#371513cceaf2a5e13c37fd3124c321cc4c2fab5c"
  integrity sha512-aU9nwsw6og9IajVjVW/lhJVHUawObSIHoUIEoxSgX9jXKpQmVvTqwH1ut6mstygVE1pUSW2KEU4Y2zKzKy9whQ==
